
Microsoft Visual Studio Solution File, Format Version 12.00
# Visual Studio Version 16
VisualStudioVersion = 16.0.31911.196
MinimumVisualStudioVersion = 10.0.40219.1
Project("{9A19103F-16F7-4668-BE54-9A1E7A4F7556}") = "Application", "Aplicacao\Application.csproj", "{F91B8B33-5D01-426F-A7FE-3D4DBF06F4AB}"
EndProject
Project("{9A19103F-16F7-4668-BE54-9A1E7A4F7556}") = "Challenge", "DecomposicaoNumerica\Challenge.csproj", "{50A32063-48F5-4FE6-9A13-3C3F4AF8C79C}"
EndProject
Project("{9A19103F-16F7-4668-BE54-9A1E7A4F7556}") = "Challenge.Tests", "Desafio.Tests\Challenge.Tests.csproj", "{85BEED99-3707-462F-B3BF-1E5C8AA86CAA}"
EndProject
Global
	GlobalSection(SolutionConfigurationPlatforms) = preSolution
		Debug|Any CPU = Debug|Any CPU
		Release|Any CPU = Release|Any CPU
	EndGlobalSection
	GlobalSection(ProjectConfigurationPlatforms) = postSolution
		{F91B8B33-5D01-426F-A7FE-3D4DBF06F4AB}.Debug|Any CPU.ActiveCfg = Debug|Any CPU
		{F91B8B33-5D01-426F-A7FE-3D4DBF06F4AB}.Debug|Any CPU.Build.0 = Debug|Any CPU
		{F91B8B33-5D01-426F-A7FE-3D4DBF06F4AB}.Release|Any CPU.ActiveCfg = Release|Any CPU
		{F91B8B33-5D01-426F-A7FE-3D4DBF06F4AB}.Release|Any CPU.Build.0 = Release|Any CPU
		{50A32063-48F5-4FE6-9A13-3C3F4AF8C79C}.Debug|Any CPU.ActiveCfg = Debug|Any CPU
		{50A32063-48F5-4FE6-9A13-3C3F4AF8C79C}.Debug|Any CPU.Build.0 = Debug|Any CPU
		{50A32063-48F5-4FE6-9A13-3C3F4AF8C79C}.Release|Any CPU.ActiveCfg = Release|Any CPU
		{50A32063-48F5-4FE6-9A13-3C3F4AF8C79C}.Release|Any CPU.Build.0 = Release|Any CPU
		{85BEED99-3707-462F-B3BF-1E5C8AA86CAA}.Debug|Any CPU.ActiveCfg = Debug|Any CPU
		{85BEED99-3707-462F-B3BF-1E5C8AA86CAA}.Debug|Any CPU.Build.0 = Debug|Any CPU
		{85BEED99-3707-462F-B3BF-1E5C8AA86CAA}.Release|Any CPU.ActiveCfg = Release|Any CPU
		{85BEED99-3707-462F-B3BF-1E5C8AA86CAA}.Release|Any CPU.Build.0 = Release|Any CPU
	EndGlobalSection
	GlobalSection(SolutionProperties) = preSolution
		HideSolutionNode = FALSE
	EndGlobalSection
	GlobalSection(ExtensibilityGlobals) = postSolution
		SolutionGuid = {36638534-24ED-4A13-AB6F-40F764F4C871}
	EndGlobalSection
EndGlobal
